
Microsoft Visual Studio Solution File, Format Version 12.00
# Visual Studio 15
VisualStudioVersion = 15.0.26206.0
MinimumVisualStudioVersion = 10.0.40219.1
Project("{FAE04EC0-301F-11D3-BF4B-00C04F79EFBC}") = "DotNetCross.NativeInts", "src\DotNetCross.NativeInts\DotNetCross.NativeInts.csproj", "{4AE5D1B8-DCA8-4943-BFEA-3596F093E61C}"
EndProject
Project("{FAE04EC0-301F-11D3-BF4B-00C04F79EFBC}") = "DotNetCross.NativeInts.Tests", "src\DotNetCross.NativeInts.Tests\DotNetCross.NativeInts.Tests.csproj", "{5396D38A-EE91-4929-8D51-32004E597CCF}"
EndProject
Project("{2150E333-8FDC-42A3-9474-1A3956D46DE8}") = "root", "root", "{18128D4D-3526-4A0A-8F78-DB65BE75C063}"
	ProjectSection(SolutionItems) = preProject
		all.ps1 = all.ps1
		build.ps1 = build.ps1
		ilasm.bat = ilasm.bat
		ildasm.bat = ildasm.bat
		LICENSE = LICENSE
		README.md = README.md
		restore.ps1 = restore.ps1
		test.ps1 = test.ps1
	EndProjectSection
EndProject
Project("{FAE04EC0-301F-11D3-BF4B-00C04F79EFBC}") = "DotNetCross.NativeInts.Ref", "src\DotNetCross.NativeInts.Ref\DotNetCross.NativeInts.Ref.csproj", "{7DB8DB1D-C894-4C23-9379-5DCA9D9BCF27}"
EndProject
Global
	GlobalSection(SolutionConfigurationPlatforms) = preSolution
		Debug|Any CPU = Debug|Any CPU
		Debug|x64 = Debug|x64
		Debug|x86 = Debug|x86
		Release|Any CPU = Release|Any CPU
		Release|x64 = Release|x64
		Release|x86 = Release|x86
	EndGlobalSection
	GlobalSection(ProjectConfigurationPlatforms) = postSolution
		{4AE5D1B8-DCA8-4943-BFEA-3596F093E61C}.Debug|Any CPU.ActiveCfg = Debug|Any CPU
		{4AE5D1B8-DCA8-4943-BFEA-3596F093E61C}.Debug|Any CPU.Build.0 = Debug|Any CPU
		{4AE5D1B8-DCA8-4943-BFEA-3596F093E61C}.Debug|x64.ActiveCfg = Debug|Any CPU
		{4AE5D1B8-DCA8-4943-BFEA-3596F093E61C}.Debug|x64.Build.0 = Debug|Any CPU
		{4AE5D1B8-DCA8-4943-BFEA-3596F093E61C}.Debug|x86.ActiveCfg = Debug|Any CPU
		{4AE5D1B8-DCA8-4943-BFEA-3596F093E61C}.Debug|x86.Build.0 = Debug|Any CPU
		{4AE5D1B8-DCA8-4943-BFEA-3596F093E61C}.Release|Any CPU.ActiveCfg = Release|Any CPU
		{4AE5D1B8-DCA8-4943-BFEA-3596F093E61C}.Release|Any CPU.Build.0 = Release|Any CPU
		{4AE5D1B8-DCA8-4943-BFEA-3596F093E61C}.Release|x64.ActiveCfg = Release|Any CPU
		{4AE5D1B8-DCA8-4943-BFEA-3596F093E61C}.Release|x64.Build.0 = Release|Any CPU
		{4AE5D1B8-DCA8-4943-BFEA-3596F093E61C}.Release|x86.ActiveCfg = Release|Any CPU
		{4AE5D1B8-DCA8-4943-BFEA-3596F093E61C}.Release|x86.Build.0 = Release|Any CPU
		{5396D38A-EE91-4929-8D51-32004E597CCF}.Debug|Any CPU.ActiveCfg = Debug|Any CPU
		{5396D38A-EE91-4929-8D51-32004E597CCF}.Debug|Any CPU.Build.0 = Debug|Any CPU
		{5396D38A-EE91-4929-8D51-32004E597CCF}.Debug|x64.ActiveCfg = Debug|x64
		{5396D38A-EE91-4929-8D51-32004E597CCF}.Debug|x64.Build.0 = Debug|x64
		{5396D38A-EE91-4929-8D51-32004E597CCF}.Debug|x86.ActiveCfg = Debug|x86
		{5396D38A-EE91-4929-8D51-32004E597CCF}.Debug|x86.Build.0 = Debug|x86
		{5396D38A-EE91-4929-8D51-32004E597CCF}.Release|Any CPU.ActiveCfg = Release|Any CPU
		{5396D38A-EE91-4929-8D51-32004E597CCF}.Release|Any CPU.Build.0 = Release|Any CPU
		{5396D38A-EE91-4929-8D51-32004E597CCF}.Release|x64.ActiveCfg = Release|x64
		{5396D38A-EE91-4929-8D51-32004E597CCF}.Release|x64.Build.0 = Release|x64
		{5396D38A-EE91-4929-8D51-32004E597CCF}.Release|x86.ActiveCfg = Release|x86
		{5396D38A-EE91-4929-8D51-32004E597CCF}.Release|x86.Build.0 = Release|x86
		{7DB8DB1D-C894-4C23-9379-5DCA9D9BCF27}.Debug|Any CPU.ActiveCfg = Debug|Any CPU
		{7DB8DB1D-C894-4C23-9379-5DCA9D9BCF27}.Debug|Any CPU.Build.0 = Debug|Any CPU
		{7DB8DB1D-C894-4C23-9379-5DCA9D9BCF27}.Debug|x64.ActiveCfg = Debug|x64
		{7DB8DB1D-C894-4C23-9379-5DCA9D9BCF27}.Debug|x64.Build.0 = Debug|x64
		{7DB8DB1D-C894-4C23-9379-5DCA9D9BCF27}.Debug|x86.ActiveCfg = Debug|x86
		{7DB8DB1D-C894-4C23-9379-5DCA9D9BCF27}.Debug|x86.Build.0 = Debug|x86
		{7DB8DB1D-C894-4C23-9379-5DCA9D9BCF27}.Release|Any CPU.ActiveCfg = Release|Any CPU
		{7DB8DB1D-C894-4C23-9379-5DCA9D9BCF27}.Release|Any CPU.Build.0 = Release|Any CPU
		{7DB8DB1D-C894-4C23-9379-5DCA9D9BCF27}.Release|x64.ActiveCfg = Release|x64
		{7DB8DB1D-C894-4C23-9379-5DCA9D9BCF27}.Release|x64.Build.0 = Release|x64
		{7DB8DB1D-C894-4C23-9379-5DCA9D9BCF27}.Release|x86.ActiveCfg = Release|x86
		{7DB8DB1D-C894-4C23-9379-5DCA9D9BCF27}.Release|x86.Build.0 = Release|x86
	EndGlobalSection
	GlobalSection(SolutionProperties) = preSolution
		HideSolutionNode = FALSE
	EndGlobalSection
EndGlobal
